// !$*UTF8*$!
{
	archiveVersion = 1;
	classes = {
	};
	objectVersion = 56;
	objects = {

/* Begin PBXBuildFile section */
		0410AF2A2C287F010003F8A8 /* EnvironmentViewModel.swift in Sources */ = {isa = PBXBuildFile; fileRef = 0410AF292C287F010003F8A8 /* EnvironmentViewModel.swift */; };
		0410AF2C2C28823A0003F8A8 /* AsyncImagePractice.swift in Sources */ = {isa = PBXBuildFile; fileRef = 0410AF2B2C28823A0003F8A8 /* AsyncImagePractice.swift */; };
		0410AF2E2C2888170003F8A8 /* BackgroundMaterialsPractice.swift in Sources */ = {isa = PBXBuildFile; fileRef = 0410AF2D2C2888170003F8A8 /* BackgroundMaterialsPractice.swift */; };
		041193A22C2EC213007BDD50 /* TextSelectionPractice.swift in Sources */ = {isa = PBXBuildFile; fileRef = 041193A12C2EC213007BDD50 /* TextSelectionPractice.swift */; };
		041193A42C2EC2E6007BDD50 /* ButtonStylePractice.swift in Sources */ = {isa = PBXBuildFile; fileRef = 041193A32C2EC2E6007BDD50 /* ButtonStylePractice.swift */; };
		041193A62C2ECD5F007BDD50 /* ListSwapActionPractice.swift in Sources */ = {isa = PBXBuildFile; fileRef = 041193A52C2ECD5F007BDD50 /* ListSwapActionPractice.swift */; };
		041193A82C2ED15F007BDD50 /* BadgesPractice.swift in Sources */ = {isa = PBXBuildFile; fileRef = 041193A72C2ED15F007BDD50 /* BadgesPractice.swift */; };
		041193AA2C2ED6B9007BDD50 /* FocusStatePractice.swift in Sources */ = {isa = PBXBuildFile; fileRef = 041193A92C2ED6B9007BDD50 /* FocusStatePractice.swift */; };
		041193AC2C2EE864007BDD50 /* SubmitTextFieldPractice.swift in Sources */ = {isa = PBXBuildFile; fileRef = 041193AB2C2EE864007BDD50 /* SubmitTextFieldPractice.swift */; };
		041193AE2C2EEBC2007BDD50 /* NavigationStackPractive.swift in Sources */ = {isa = PBXBuildFile; fileRef = 041193AD2C2EEBC2007BDD50 /* NavigationStackPractive.swift */; };
		041193B02C2EF485007BDD50 /* ToolBarPractice.swift in Sources */ = {isa = PBXBuildFile; fileRef = 041193AF2C2EF485007BDD50 /* ToolBarPractice.swift */; };
		041193B42C2F0864007BDD50 /* CheckboxView.swift in Sources */ = {isa = PBXBuildFile; fileRef = 041193B32C2F0864007BDD50 /* CheckboxView.swift */; };
		041B46992C21F23500662C04 /* TabViewPractice.swift in Sources */ = {isa = PBXBuildFile; fileRef = 041B46982C21F23500662C04 /* TabViewPractice.swift */; };
		041B469B2C2207A000662C04 /* DarkModePractice.swift in Sources */ = {isa = PBXBuildFile; fileRef = 041B469A2C2207A000662C04 /* DarkModePractice.swift */; };
		041E10E32C22EEEC002524B9 /* OnAppierPractice.swift in Sources */ = {isa = PBXBuildFile; fileRef = 041E10E22C22EEEC002524B9 /* OnAppierPractice.swift */; };
		041E10E52C22F69F002524B9 /* IfLetGuardPractice.swift in Sources */ = {isa = PBXBuildFile; fileRef = 041E10E42C22F69F002524B9 /* IfLetGuardPractice.swift */; };
		041E10E72C2303C1002524B9 /* TabGesturePractice.swift in Sources */ = {isa = PBXBuildFile; fileRef = 041E10E62C2303C1002524B9 /* TabGesturePractice.swift */; };
		041E10E92C231DED002524B9 /* ModelPractice.swift in Sources */ = {isa = PBXBuildFile; fileRef = 041E10E82C231DED002524B9 /* ModelPractice.swift */; };
		042896E72BFCB0A0007FF20E /* alertPractice.swift in Sources */ = {isa = PBXBuildFile; fileRef = 042896E62BFCB0A0007FF20E /* alertPractice.swift */; };
		042896E92BFCBD80007FF20E /* ActionSheetPractice.swift in Sources */ = {isa = PBXBuildFile; fileRef = 042896E82BFCBD80007FF20E /* ActionSheetPractice.swift */; };
		04350DA02C1AF0E5009526B7 /* TextFieldPractice.swift in Sources */ = {isa = PBXBuildFile; fileRef = 04350D9F2C1AF0E5009526B7 /* TextFieldPractice.swift */; };
		04350DA22C1B046C009526B7 /* TextEditorPractice.swift in Sources */ = {isa = PBXBuildFile; fileRef = 04350DA12C1B046C009526B7 /* TextEditorPractice.swift */; };
		0441300D2BFF816500BBBCCB /* ContextMenuPractice.swift in Sources */ = {isa = PBXBuildFile; fileRef = 0441300C2BFF816500BBBCCB /* ContextMenuPractice.swift */; };
		0458376A2BF10B1B00C32B7F /* LazyGrids.swift in Sources */ = {isa = PBXBuildFile; fileRef = 045837692BF10B1B00C32B7F /* LazyGrids.swift */; };
		0458376E2BF118A100C32B7F /* SafeeAreaa.swift in Sources */ = {isa = PBXBuildFile; fileRef = 0458376D2BF118A100C32B7F /* SafeeAreaa.swift */; };
		0464F2A82BF3A1E70085C29A /* extract.swift in Sources */ = {isa = PBXBuildFile; fileRef = 0464F2A72BF3A1E70085C29A /* extract.swift */; };
		0464F2AA2BF3A8CF0085C29A /* ExtractSubview.swift in Sources */ = {isa = PBXBuildFile; fileRef = 0464F2A92BF3A8CF0085C29A /* ExtractSubview.swift */; };
		0464F2AE2BF3B3280085C29A /* Conditionals.swift in Sources */ = {isa = PBXBuildFile; fileRef = 0464F2AD2BF3B3280085C29A /* Conditionals.swift */; };
		047250012BF626C100680D7C /* SheetsPractice.swift in Sources */ = {isa = PBXBuildFile; fileRef = 047250002BF626C100680D7C /* SheetsPractice.swift */; };
		047250032BF6357700680D7C /* PopoverPractice.swift in Sources */ = {isa = PBXBuildFile; fileRef = 047250022BF6357700680D7C /* PopoverPractice.swift */; };
		047250052BF63B6200680D7C /* NavigationViewPractice.swift in Sources */ = {isa = PBXBuildFile; fileRef = 047250042BF63B6200680D7C /* NavigationViewPractice.swift */; };
		04778B4D2C3165DC006FE23A /* ResizableSheetPractice.swift in Sources */ = {isa = PBXBuildFile; fileRef = 04778B4C2C3165DC006FE23A /* ResizableSheetPractice.swift */; };
		047F693D2BED5F3200041D3C /* MyImage.swift in Sources */ = {isa = PBXBuildFile; fileRef = 047F693C2BED5F3200041D3C /* MyImage.swift */; };
		048D67722BEF6B7E00FCE799 /* Initializer.swift in Sources */ = {isa = PBXBuildFile; fileRef = 048D67712BEF6B7E00FCE799 /* Initializer.swift */; };
		048D67742BEF7DD100FCE799 /* ForEach.swift in Sources */ = {isa = PBXBuildFile; fileRef = 048D67732BEF7DD100FCE799 /* ForEach.swift */; };
		048D67782BEFCD0000FCE799 /* MyScrollView.swift in Sources */ = {isa = PBXBuildFile; fileRef = 048D67772BEFCD0000FCE799 /* MyScrollView.swift */; };
		04A5BF8B2BF1FF0F00076C67 /* MyButtons.swift in Sources */ = {isa = PBXBuildFile; fileRef = 04A5BF8A2BF1FF0F00076C67 /* MyButtons.swift */; };
		04A5BF8D2BF211A100076C67 /* StatePractice.swift in Sources */ = {isa = PBXBuildFile; fileRef = 04A5BF8C2BF211A100076C67 /* StatePractice.swift */; };
		04A5BF8F2BF2208900076C67 /* BindingPractice.swift in Sources */ = {isa = PBXBuildFile; fileRef = 04A5BF8E2BF2208900076C67 /* BindingPractice.swift */; };
		04A6F9042BF4CA8E00EC8A96 /* TernaryOperators.swift in Sources */ = {isa = PBXBuildFile; fileRef = 04A6F9032BF4CA8E00EC8A96 /* TernaryOperators.swift */; };
		04A6F9062BF4CE2000EC8A96 /* AnimationPractice.swift in Sources */ = {isa = PBXBuildFile; fileRef = 04A6F9052BF4CE2000EC8A96 /* AnimationPractice.swift */; };
		04A6F9082BF4E54700EC8A96 /* AnimationTimingPractice.swift in Sources */ = {isa = PBXBuildFile; fileRef = 04A6F9072BF4E54700EC8A96 /* AnimationTimingPractice.swift */; };
		04A6F90A2BF4F38D00EC8A96 /* TransitionsPractice.swift in Sources */ = {isa = PBXBuildFile; fileRef = 04A6F9092BF4F38D00EC8A96 /* TransitionsPractice.swift */; };
		04AF94092BEE0D1600F7C9CA /* Frames.swift in Sources */ = {isa = PBXBuildFile; fileRef = 04AF94082BEE0D1600F7C9CA /* Frames.swift */; };
		04AF940B2BEE134900F7C9CA /* BackgroundAndOverlay.swift in Sources */ = {isa = PBXBuildFile; fileRef = 04AF940A2BEE134900F7C9CA /* BackgroundAndOverlay.swift */; };
		04AF940D2BEE17BA00F7C9CA /* BackgroundAndOverlay#2.swift in Sources */ = {isa = PBXBuildFile; fileRef = 04AF940C2BEE17BA00F7C9CA /* BackgroundAndOverlay#2.swift */; };
		04AF940F2BEE595000F7C9CA /* Stacks.swift in Sources */ = {isa = PBXBuildFile; fileRef = 04AF940E2BEE595000F7C9CA /* Stacks.swift */; };
		04AF94132BEE7E5E00F7C9CA /* paddingAndSpacing.swift in Sources */ = {isa = PBXBuildFile; fileRef = 04AF94122BEE7E5E00F7C9CA /* paddingAndSpacing.swift */; };
		04AF97E22BECEC7A00142F17 /* SwiftBootcampApp.swift in Sources */ = {isa = PBXBuildFile; fileRef = 04AF97E12BECEC7A00142F17 /* SwiftBootcampApp.swift */; };
		04AF97E42BECEC7A00142F17 /* ContentView.swift in Sources */ = {isa = PBXBuildFile; fileRef = 04AF97E32BECEC7A00142F17 /* ContentView.swift */; };
		04AF97E62BECEC7B00142F17 /* Assets.xcassets in Resources */ = {isa = PBXBuildFile; fileRef = 04AF97E52BECEC7B00142F17 /* Assets.xcassets */; };
		04AF97E92BECEC7B00142F17 /* Preview Assets.xcassets in Resources */ = {isa = PBXBuildFile; fileRef = 04AF97E82BECEC7B00142F17 /* Preview Assets.xcassets */; };
		04AF97F02BECECA200142F17 /* shapes.swift in Sources */ = {isa = PBXBuildFile; fileRef = 04AF97EF2BECECA200142F17 /* shapes.swift */; };
		04AF97F22BECF2BD00142F17 /* Colors.swift in Sources */ = {isa = PBXBuildFile; fileRef = 04AF97F12BECF2BD00142F17 /* Colors.swift */; };
		04AF97F42BED003000142F17 /* Gradients.swift in Sources */ = {isa = PBXBuildFile; fileRef = 04AF97F32BED003000142F17 /* Gradients.swift */; };
		04AF97F62BED048600142F17 /* Icons.swift in Sources */ = {isa = PBXBuildFile; fileRef = 04AF97F52BED048600142F17 /* Icons.swift */; };
		04B559752C25854A00614C12 /* ViewModelPractice.swift in Sources */ = {isa = PBXBuildFile; fileRef = 04B559742C25854A00614C12 /* ViewModelPractice.swift */; };
		04C493EC2C1EDF35002F8D64 /* DatePackerPractice.swift in Sources */ = {isa = PBXBuildFile; fileRef = 04C493EB2C1EDF35002F8D64 /* DatePackerPractice.swift */; };
		04C493EE2C1EE68D002F8D64 /* stepperPractice.swift in Sources */ = {isa = PBXBuildFile; fileRef = 04C493ED2C1EE68D002F8D64 /* stepperPractice.swift */; };
		04C493F02C1EEB9B002F8D64 /* SliderPractice.swift in Sources */ = {isa = PBXBuildFile; fileRef = 04C493EF2C1EEB9B002F8D64 /* SliderPractice.swift */; };
		04E4BE542C1C67C70034A06F /* TogglePractice.swift in Sources */ = {isa = PBXBuildFile; fileRef = 04E4BE532C1C67C70034A06F /* TogglePractice.swift */; };
		04E4BE562C1C6ADB0034A06F /* PickerPractice.swift in Sources */ = {isa = PBXBuildFile; fileRef = 04E4BE552C1C6ADB0034A06F /* PickerPractice.swift */; };
/* End PBXBuildFile section */

/* Begin PBXFileReference section */
		0410AF292C287F010003F8A8 /* EnvironmentViewModel.swift */ = {isa = PBXFileReference; lastKnownFileType = sourcecode.swift; path = EnvironmentViewModel.swift; sourceTree = "<group>"; };
		0410AF2B2C28823A0003F8A8 /* AsyncImagePractice.swift */ = {isa = PBXFileReference; lastKnownFileType = sourcecode.swift; path = AsyncImagePractice.swift; sourceTree = "<group>"; };
		0410AF2D2C2888170003F8A8 /* BackgroundMaterialsPractice.swift */ = {isa = PBXFileReference; lastKnownFileType = sourcecode.swift; path = BackgroundMaterialsPractice.swift; sourceTree = "<group>"; };
		041193A12C2EC213007BDD50 /* TextSelectionPractice.swift */ = {isa = PBXFileReference; lastKnownFileType = sourcecode.swift; path = TextSelectionPractice.swift; sourceTree = "<group>"; };
		041193A32C2EC2E6007BDD50 /* ButtonStylePractice.swift */ = {isa = PBXFileReference; lastKnownFileType = sourcecode.swift; path = ButtonStylePractice.swift; sourceTree = "<group>"; };
		041193A52C2ECD5F007BDD50 /* ListSwapActionPractice.swift */ = {isa = PBXFileReference; lastKnownFileType = sourcecode.swift; path = ListSwapActionPractice.swift; sourceTree = "<group>"; };
		041193A72C2ED15F007BDD50 /* BadgesPractice.swift */ = {isa = PBXFileReference; lastKnownFileType = sourcecode.swift; path = BadgesPractice.swift; sourceTree = "<group>"; };
		041193A92C2ED6B9007BDD50 /* FocusStatePractice.swift */ = {isa = PBXFileReference; lastKnownFileType = sourcecode.swift; path = FocusStatePractice.swift; sourceTree = "<group>"; };
		041193AB2C2EE864007BDD50 /* SubmitTextFieldPractice.swift */ = {isa = PBXFileReference; lastKnownFileType = sourcecode.swift; path = SubmitTextFieldPractice.swift; sourceTree = "<group>"; };
		041193AD2C2EEBC2007BDD50 /* NavigationStackPractive.swift */ = {isa = PBXFileReference; lastKnownFileType = sourcecode.swift; path = NavigationStackPractive.swift; sourceTree = "<group>"; };
		041193AF2C2EF485007BDD50 /* ToolBarPractice.swift */ = {isa = PBXFileReference; lastKnownFileType = sourcecode.swift; path = ToolBarPractice.swift; sourceTree = "<group>"; };
		041193B32C2F0864007BDD50 /* CheckboxView.swift */ = {isa = PBXFileReference; lastKnownFileType = sourcecode.swift; path = CheckboxView.swift; sourceTree = "<group>"; };
		041B46982C21F23500662C04 /* TabViewPractice.swift */ = {isa = PBXFileReference; lastKnownFileType = sourcecode.swift; path = TabViewPractice.swift; sourceTree = "<group>"; };
		041B469A2C2207A000662C04 /* DarkModePractice.swift */ = {isa = PBXFileReference; lastKnownFileType = sourcecode.swift; path = DarkModePractice.swift; sourceTree = "<group>"; };
		041E10E22C22EEEC002524B9 /* OnAppierPractice.swift */ = {isa = PBXFileReference; lastKnownFileType = sourcecode.swift; path = OnAppierPractice.swift; sourceTree = "<group>"; };
		041E10E42C22F69F002524B9 /* IfLetGuardPractice.swift */ = {isa = PBXFileReference; lastKnownFileType = sourcecode.swift; path = IfLetGuardPractice.swift; sourceTree = "<group>"; };
		041E10E62C2303C1002524B9 /* TabGesturePractice.swift */ = {isa = PBXFileReference; lastKnownFileType = sourcecode.swift; path = TabGesturePractice.swift; sourceTree = "<group>"; };
		041E10E82C231DED002524B9 /* ModelPractice.swift */ = {isa = PBXFileReference; lastKnownFileType = sourcecode.swift; path = ModelPractice.swift; sourceTree = "<group>"; };
		042896E62BFCB0A0007FF20E /* alertPractice.swift */ = {isa = PBXFileReference; lastKnownFileType = sourcecode.swift; path = alertPractice.swift; sourceTree = "<group>"; };
		042896E82BFCBD80007FF20E /* ActionSheetPractice.swift */ = {isa = PBXFileReference; lastKnownFileType = sourcecode.swift; path = ActionSheetPractice.swift; sourceTree = "<group>"; };
		04350D9F2C1AF0E5009526B7 /* TextFieldPractice.swift */ = {isa = PBXFileReference; lastKnownFileType = sourcecode.swift; path = TextFieldPractice.swift; sourceTree = "<group>"; };
		04350DA12C1B046C009526B7 /* TextEditorPractice.swift */ = {isa = PBXFileReference; lastKnownFileType = sourcecode.swift; path = TextEditorPractice.swift; sourceTree = "<group>"; };
		0441300C2BFF816500BBBCCB /* ContextMenuPractice.swift */ = {isa = PBXFileReference; lastKnownFileType = sourcecode.swift; path = ContextMenuPractice.swift; sourceTree = "<group>"; };
		045837692BF10B1B00C32B7F /* LazyGrids.swift */ = {isa = PBXFileReference; lastKnownFileType = sourcecode.swift; path = LazyGrids.swift; sourceTree = "<group>"; };
		0458376D2BF118A100C32B7F /* SafeeAreaa.swift */ = {isa = PBXFileReference; lastKnownFileType = sourcecode.swift; path = SafeeAreaa.swift; sourceTree = "<group>"; };
		0464F2A72BF3A1E70085C29A /* extract.swift */ = {isa = PBXFileReference; lastKnownFileType = sourcecode.swift; path = extract.swift; sourceTree = "<group>"; };
		0464F2A92BF3A8CF0085C29A /* ExtractSubview.swift */ = {isa = PBXFileReference; lastKnownFileType = sourcecode.swift; path = ExtractSubview.swift; sourceTree = "<group>"; };
		0464F2AD2BF3B3280085C29A /* Conditionals.swift */ = {isa = PBXFileReference; lastKnownFileType = sourcecode.swift; path = Conditionals.swift; sourceTree = "<group>"; };
		047250002BF626C100680D7C /* SheetsPractice.swift */ = {isa = PBXFileReference; lastKnownFileType = sourcecode.swift; path = SheetsPractice.swift; sourceTree = "<group>"; };
		047250022BF6357700680D7C /* PopoverPractice.swift */ = {isa = PBXFileReference; lastKnownFileType = sourcecode.swift; path = PopoverPractice.swift; sourceTree = "<group>"; };
		047250042BF63B6200680D7C /* NavigationViewPractice.swift */ = {isa = PBXFileReference; lastKnownFileType = sourcecode.swift; path = NavigationViewPractice.swift; sourceTree = "<group>"; };
		04778B4C2C3165DC006FE23A /* ResizableSheetPractice.swift */ = {isa = PBXFileReference; lastKnownFileType = sourcecode.swift; path = ResizableSheetPractice.swift; sourceTree = "<group>"; };
		047F693C2BED5F3200041D3C /* MyImage.swift */ = {isa = PBXFileReference; lastKnownFileType = sourcecode.swift; path = MyImage.swift; sourceTree = "<group>"; };
		048D67712BEF6B7E00FCE799 /* Initializer.swift */ = {isa = PBXFileReference; lastKnownFileType = sourcecode.swift; path = Initializer.swift; sourceTree = "<group>"; };
		048D67732BEF7DD100FCE799 /* ForEach.swift */ = {isa = PBXFileReference; lastKnownFileType = sourcecode.swift; path = ForEach.swift; sourceTree = "<group>"; };
		048D67772BEFCD0000FCE799 /* MyScrollView.swift */ = {isa = PBXFileReference; lastKnownFileType = sourcecode.swift; path = MyScrollView.swift; sourceTree = "<group>"; };
		04A5BF8A2BF1FF0F00076C67 /* MyButtons.swift */ = {isa = PBXFileReference; lastKnownFileType = sourcecode.swift; path = MyButtons.swift; sourceTree = "<group>"; };
		04A5BF8C2BF211A100076C67 /* StatePractice.swift */ = {isa = PBXFileReference; lastKnownFileType = sourcecode.swift; path = StatePractice.swift; sourceTree = "<group>"; };
		04A5BF8E2BF2208900076C67 /* BindingPractice.swift */ = {isa = PBXFileReference; lastKnownFileType = sourcecode.swift; path = BindingPractice.swift; sourceTree = "<group>"; };
		04A6F9032BF4CA8E00EC8A96 /* TernaryOperators.swift */ = {isa = PBXFileReference; lastKnownFileType = sourcecode.swift; path = TernaryOperators.swift; sourceTree = "<group>"; };
		04A6F9052BF4CE2000EC8A96 /* AnimationPractice.swift */ = {isa = PBXFileReference; lastKnownFileType = sourcecode.swift; path = AnimationPractice.swift; sourceTree = "<group>"; };
		04A6F9072BF4E54700EC8A96 /* AnimationTimingPractice.swift */ = {isa = PBXFileReference; lastKnownFileType = sourcecode.swift; path = AnimationTimingPractice.swift; sourceTree = "<group>"; };
		04A6F9092BF4F38D00EC8A96 /* TransitionsPractice.swift */ = {isa = PBXFileReference; lastKnownFileType = sourcecode.swift; path = TransitionsPractice.swift; sourceTree = "<group>"; };
		04AF94082BEE0D1600F7C9CA /* Frames.swift */ = {isa = PBXFileReference; lastKnownFileType = sourcecode.swift; path = Frames.swift; sourceTree = "<group>"; };
		04AF940A2BEE134900F7C9CA /* BackgroundAndOverlay.swift */ = {isa = PBXFileReference; lastKnownFileType = sourcecode.swift; path = BackgroundAndOverlay.swift; sourceTree = "<group>"; };
		04AF940C2BEE17BA00F7C9CA /* BackgroundAndOverlay#2.swift */ = {isa = PBXFileReference; lastKnownFileType = sourcecode.swift; path = "BackgroundAndOverlay#2.swift"; sourceTree = "<group>"; };
		04AF940E2BEE595000F7C9CA /* Stacks.swift */ = {isa = PBXFileReference; lastKnownFileType = sourcecode.swift; path = Stacks.swift; sourceTree = "<group>"; };
		04AF94122BEE7E5E00F7C9CA /* paddingAndSpacing.swift */ = {isa = PBXFileReference; lastKnownFileType = sourcecode.swift; path = paddingAndSpacing.swift; sourceTree = "<group>"; };
		04AF97DE2BECEC7A00142F17 /* SwiftBootcamp.app */ = {isa = PBXFileReference; explicitFileType = wrapper.application; includeInIndex = 0; path = SwiftBootcamp.app; sourceTree = BUILT_PRODUCTS_DIR; };
		04AF97E12BECEC7A00142F17 /* SwiftBootcampApp.swift */ = {isa = PBXFileReference; lastKnownFileType = sourcecode.swift; path = SwiftBootcampApp.swift; sourceTree = "<group>"; };
		04AF97E32BECEC7A00142F17 /* ContentView.swift */ = {isa = PBXFileReference; lastKnownFileType = sourcecode.swift; path = ContentView.swift; sourceTree = "<group>"; };
		04AF97E52BECEC7B00142F17 /* Assets.xcassets */ = {isa = PBXFileReference; lastKnownFileType = folder.assetcatalog; path = Assets.xcassets; sourceTree = "<group>"; };
		04AF97E82BECEC7B00142F17 /* Preview Assets.xcassets */ = {isa = PBXFileReference; lastKnownFileType = folder.assetcatalog; path = "Preview Assets.xcassets"; sourceTree = "<group>"; };
		04AF97EF2BECECA200142F17 /* shapes.swift */ = {isa = PBXFileReference; lastKnownFileType = sourcecode.swift; path = shapes.swift; sourceTree = "<group>"; };
		04AF97F12BECF2BD00142F17 /* Colors.swift */ = {isa = PBXFileReference; lastKnownFileType = sourcecode.swift; path = Colors.swift; sourceTree = "<group>"; };
		04AF97F32BED003000142F17 /* Gradients.swift */ = {isa = PBXFileReference; lastKnownFileType = sourcecode.swift; path = Gradients.swift; sourceTree = "<group>"; };
		04AF97F52BED048600142F17 /* Icons.swift */ = {isa = PBXFileReference; lastKnownFileType = sourcecode.swift; path = Icons.swift; sourceTree = "<group>"; };
		04B559742C25854A00614C12 /* ViewModelPractice.swift */ = {isa = PBXFileReference; lastKnownFileType = sourcecode.swift; path = ViewModelPractice.swift; sourceTree = "<group>"; };
		04C493EB2C1EDF35002F8D64 /* DatePackerPractice.swift */ = {isa = PBXFileReference; lastKnownFileType = sourcecode.swift; path = DatePackerPractice.swift; sourceTree = "<group>"; };
		04C493ED2C1EE68D002F8D64 /* stepperPractice.swift */ = {isa = PBXFileReference; lastKnownFileType = sourcecode.swift; path = stepperPractice.swift; sourceTree = "<group>"; };
		04C493EF2C1EEB9B002F8D64 /* SliderPractice.swift */ = {isa = PBXFileReference; lastKnownFileType = sourcecode.swift; path = SliderPractice.swift; sourceTree = "<group>"; };
		04E4BE532C1C67C70034A06F /* TogglePractice.swift */ = {isa = PBXFileReference; lastKnownFileType = sourcecode.swift; path = TogglePractice.swift; sourceTree = "<group>"; };
		04E4BE552C1C6ADB0034A06F /* PickerPractice.swift */ = {isa = PBXFileReference; lastKnownFileType = sourcecode.swift; path = PickerPractice.swift; sourceTree = "<group>"; };
/* End PBXFileReference section */

/* Begin PBXFrameworksBuildPhase section */
		04AF97DB2BECEC7A00142F17 /* Frameworks */ = {
			isa = PBXFrameworksBuildPhase;
			buildActionMask = 2147483647;
			files = (
			);
			runOnlyForDeploymentPostprocessing = 0;
		};
/* End PBXFrameworksBuildPhase section */

/* Begin PBXGroup section */
		04AF97D52BECEC7A00142F17 = {
			isa = PBXGroup;
			children = (
				04AF97E02BECEC7A00142F17 /* SwiftBootcamp */,
				04AF97DF2BECEC7A00142F17 /* Products */,
			);
			sourceTree = "<group>";
		};
		04AF97DF2BECEC7A00142F17 /* Products */ = {
			isa = PBXGroup;
			children = (
				04AF97DE2BECEC7A00142F17 /* SwiftBootcamp.app */,
			);
			name = Products;
			sourceTree = "<group>";
		};
		04AF97E02BECEC7A00142F17 /* SwiftBootcamp */ = {
			isa = PBXGroup;
			children = (
				04AF97E12BECEC7A00142F17 /* SwiftBootcampApp.swift */,
				04AF97E32BECEC7A00142F17 /* ContentView.swift */,
				04AF97F32BED003000142F17 /* Gradients.swift */,
				0464F2A92BF3A8CF0085C29A /* ExtractSubview.swift */,
				04A6F9092BF4F38D00EC8A96 /* TransitionsPractice.swift */,
				04A6F9072BF4E54700EC8A96 /* AnimationTimingPractice.swift */,
				04AF97F52BED048600142F17 /* Icons.swift */,
				041193AB2C2EE864007BDD50 /* SubmitTextFieldPractice.swift */,
				041193AD2C2EEBC2007BDD50 /* NavigationStackPractive.swift */,
				041E10E82C231DED002524B9 /* ModelPractice.swift */,
				041193AF2C2EF485007BDD50 /* ToolBarPractice.swift */,
				0410AF2D2C2888170003F8A8 /* BackgroundMaterialsPractice.swift */,
				04E4BE552C1C6ADB0034A06F /* PickerPractice.swift */,
				041193A12C2EC213007BDD50 /* TextSelectionPractice.swift */,
				04C493EB2C1EDF35002F8D64 /* DatePackerPractice.swift */,
				041E10E42C22F69F002524B9 /* IfLetGuardPractice.swift */,
				041E10E22C22EEEC002524B9 /* OnAppierPractice.swift */,
				042896E62BFCB0A0007FF20E /* alertPractice.swift */,
				04B559742C25854A00614C12 /* ViewModelPractice.swift */,
				0410AF292C287F010003F8A8 /* EnvironmentViewModel.swift */,
				0410AF2B2C28823A0003F8A8 /* AsyncImagePractice.swift */,
				0441300C2BFF816500BBBCCB /* ContextMenuPractice.swift */,
				04C493ED2C1EE68D002F8D64 /* stepperPractice.swift */,
				041B46982C21F23500662C04 /* TabViewPractice.swift */,
				041E10E62C2303C1002524B9 /* TabGesturePractice.swift */,
				04778B4C2C3165DC006FE23A /* ResizableSheetPractice.swift */,
				041193A32C2EC2E6007BDD50 /* ButtonStylePractice.swift */,
				04C493EF2C1EEB9B002F8D64 /* SliderPractice.swift */,
				04AF940A2BEE134900F7C9CA /* BackgroundAndOverlay.swift */,
				04350DA12C1B046C009526B7 /* TextEditorPractice.swift */,
				041B469A2C2207A000662C04 /* DarkModePractice.swift */,
				047250002BF626C100680D7C /* SheetsPractice.swift */,
				04A6F9032BF4CA8E00EC8A96 /* TernaryOperators.swift */,
				04E4BE532C1C67C70034A06F /* TogglePractice.swift */,
				042896E82BFCBD80007FF20E /* ActionSheetPractice.swift */,
				047250022BF6357700680D7C /* PopoverPractice.swift */,
				047250042BF63B6200680D7C /* NavigationViewPractice.swift */,
				041193A52C2ECD5F007BDD50 /* ListSwapActionPractice.swift */,
				041193A92C2ED6B9007BDD50 /* FocusStatePractice.swift */,
				041193A72C2ED15F007BDD50 /* BadgesPractice.swift */,
				04A6F9052BF4CE2000EC8A96 /* AnimationPractice.swift */,
				045837692BF10B1B00C32B7F /* LazyGrids.swift */,
				0464F2AD2BF3B3280085C29A /* Conditionals.swift */,
				04350D9F2C1AF0E5009526B7 /* TextFieldPractice.swift */,
				048D67772BEFCD0000FCE799 /* MyScrollView.swift */,
				0458376D2BF118A100C32B7F /* SafeeAreaa.swift */,
				04AF940E2BEE595000F7C9CA /* Stacks.swift */,
				04A5BF8A2BF1FF0F00076C67 /* MyButtons.swift */,
				04A5BF8E2BF2208900076C67 /* BindingPractice.swift */,
				0464F2A72BF3A1E70085C29A /* extract.swift */,
				04AF94122BEE7E5E00F7C9CA /* paddingAndSpacing.swift */,
				048D67712BEF6B7E00FCE799 /* Initializer.swift */,
				048D67732BEF7DD100FCE799 /* ForEach.swift */,
				04AF940C2BEE17BA00F7C9CA /* BackgroundAndOverlay#2.swift */,
				04A5BF8C2BF211A100076C67 /* StatePractice.swift */,
				04AF97F12BECF2BD00142F17 /* Colors.swift */,
				04AF94082BEE0D1600F7C9CA /* Frames.swift */,
				047F693C2BED5F3200041D3C /* MyImage.swift */,
				04AF97EF2BECECA200142F17 /* shapes.swift */,
				041193B32C2F0864007BDD50 /* CheckboxView.swift */,
				04AF97E52BECEC7B00142F17 /* Assets.xcassets */,
				04AF97E72BECEC7B00142F17 /* Preview Content */,
			);
			path = SwiftBootcamp;
			sourceTree = "<group>";
		};
		04AF97E72BECEC7B00142F17 /* Preview Content */ = {
			isa = PBXGroup;
			children = (
				04AF97E82BECEC7B00142F17 /* Preview Assets.xcassets */,
			);
			path = "Preview Content";
			sourceTree = "<group>";
		};
/* End PBXGroup section */

/* Begin PBXNativeTarget section */
		04AF97DD2BECEC7A00142F17 /* SwiftBootcamp */ = {
			isa = PBXNativeTarget;
			buildConfigurationList = 04AF97EC2BECEC7B00142F17 /* Build configuration list for PBXNativeTarget "SwiftBootcamp" */;
			buildPhases = (
				04AF97DA2BECEC7A00142F17 /* Sources */,
				04AF97DB2BECEC7A00142F17 /* Frameworks */,
				04AF97DC2BECEC7A00142F17 /* Resources */,
			);
			buildRules = (
			);
			dependencies = (
			);
			name = SwiftBootcamp;
			productName = SwiftBootcamp;
			productReference = 04AF97DE2BECEC7A00142F17 /* SwiftBootcamp.app */;
			productType = "com.apple.product-type.application";
		};
/* End PBXNativeTarget section */

/* Begin PBXProject section */
		04AF97D62BECEC7A00142F17 /* Project object */ = {
			isa = PBXProject;
			attributes = {
				BuildIndependentTargetsInParallel = 1;
				LastSwiftUpdateCheck = 1530;
				LastUpgradeCheck = 1530;
				TargetAttributes = {
					04AF97DD2BECEC7A00142F17 = {
						CreatedOnToolsVersion = 15.3;
					};
				};
			};
			buildConfigurationList = 04AF97D92BECEC7A00142F17 /* Build configuration list for PBXProject "SwiftBootcamp" */;
			compatibilityVersion = "Xcode 14.0";
			developmentRegion = en;
			hasScannedForEncodings = 0;
			knownRegions = (
				en,
				Base,
			);
			mainGroup = 04AF97D52BECEC7A00142F17;
			productRefGroup = 04AF97DF2BECEC7A00142F17 /* Products */;
			projectDirPath = "";
			projectRoot = "";
			targets = (
				04AF97DD2BECEC7A00142F17 /* SwiftBootcamp */,
			);
		};
/* End PBXProject section */

/* Begin PBXResourcesBuildPhase section */
		04AF97DC2BECEC7A00142F17 /* Resources */ = {
			isa = PBXResourcesBuildPhase;
			buildActionMask = 2147483647;
			files = (
				04AF97E92BECEC7B00142F17 /* Preview Assets.xcassets in Resources */,
				04AF97E62BECEC7B00142F17 /* Assets.xcassets in Resources */,
			);
			runOnlyForDeploymentPostprocessing = 0;
		};
/* End PBXResourcesBuildPhase section */

/* Begin PBXSourcesBuildPhase section */
		04AF97DA2BECEC7A00142F17 /* Sources */ = {
			isa = PBXSourcesBuildPhase;
			buildActionMask = 2147483647;
			files = (
				04AF97F02BECECA200142F17 /* shapes.swift in Sources */,
				04AF940D2BEE17BA00F7C9CA /* BackgroundAndOverlay#2.swift in Sources */,
				041193A62C2ECD5F007BDD50 /* ListSwapActionPractice.swift in Sources */,
				04AF940F2BEE595000F7C9CA /* Stacks.swift in Sources */,
				0458376A2BF10B1B00C32B7F /* LazyGrids.swift in Sources */,
				04E4BE542C1C67C70034A06F /* TogglePractice.swift in Sources */,
				041E10E52C22F69F002524B9 /* IfLetGuardPractice.swift in Sources */,
				0464F2AE2BF3B3280085C29A /* Conditionals.swift in Sources */,
				041193AE2C2EEBC2007BDD50 /* NavigationStackPractive.swift in Sources */,
				04A6F9082BF4E54700EC8A96 /* AnimationTimingPractice.swift in Sources */,
				047F693D2BED5F3200041D3C /* MyImage.swift in Sources */,
				04AF97F42BED003000142F17 /* Gradients.swift in Sources */,
				04A5BF8F2BF2208900076C67 /* BindingPractice.swift in Sources */,
				04AF97F62BED048600142F17 /* Icons.swift in Sources */,
				0441300D2BFF816500BBBCCB /* ContextMenuPractice.swift in Sources */,
				048D67722BEF6B7E00FCE799 /* Initializer.swift in Sources */,
				04778B4D2C3165DC006FE23A /* ResizableSheetPractice.swift in Sources */,
				04C493F02C1EEB9B002F8D64 /* SliderPractice.swift in Sources */,
				0464F2A82BF3A1E70085C29A /* extract.swift in Sources */,
				041B469B2C2207A000662C04 /* DarkModePractice.swift in Sources */,
				04AF97F22BECF2BD00142F17 /* Colors.swift in Sources */,
				047250052BF63B6200680D7C /* NavigationViewPractice.swift in Sources */,
				041193A82C2ED15F007BDD50 /* BadgesPractice.swift in Sources */,
				0464F2AA2BF3A8CF0085C29A /* ExtractSubview.swift in Sources */,
				0410AF2C2C28823A0003F8A8 /* AsyncImagePractice.swift in Sources */,
				047250032BF6357700680D7C /* PopoverPractice.swift in Sources */,
				04C493EC2C1EDF35002F8D64 /* DatePackerPractice.swift in Sources */,
				047250012BF626C100680D7C /* SheetsPractice.swift in Sources */,
				04A5BF8B2BF1FF0F00076C67 /* MyButtons.swift in Sources */,
				04B559752C25854A00614C12 /* ViewModelPractice.swift in Sources */,
				04A5BF8D2BF211A100076C67 /* StatePractice.swift in Sources */,
				04AF94092BEE0D1600F7C9CA /* Frames.swift in Sources */,
				041193A22C2EC213007BDD50 /* TextSelectionPractice.swift in Sources */,
				04AF97E42BECEC7A00142F17 /* ContentView.swift in Sources */,
				041193B42C2F0864007BDD50 /* CheckboxView.swift in Sources */,
				041193AC2C2EE864007BDD50 /* SubmitTextFieldPractice.swift in Sources */,
				041193B02C2EF485007BDD50 /* ToolBarPractice.swift in Sources */,
				0458376E2BF118A100C32B7F /* SafeeAreaa.swift in Sources */,
				04C493EE2C1EE68D002F8D64 /* stepperPractice.swift in Sources */,
				0410AF2E2C2888170003F8A8 /* BackgroundMaterialsPractice.swift in Sources */,
				042896E92BFCBD80007FF20E /* ActionSheetPractice.swift in Sources */,
				04350DA02C1AF0E5009526B7 /* TextFieldPractice.swift in Sources */,
				04E4BE562C1C6ADB0034A06F /* PickerPractice.swift in Sources */,
				041E10E92C231DED002524B9 /* ModelPractice.swift in Sources */,
				048D67782BEFCD0000FCE799 /* MyScrollView.swift in Sources */,
				04AF94132BEE7E5E00F7C9CA /* paddingAndSpacing.swift in Sources */,
				04A6F90A2BF4F38D00EC8A96 /* TransitionsPractice.swift in Sources */,
				041193A42C2EC2E6007BDD50 /* ButtonStylePractice.swift in Sources */,
				04350DA22C1B046C009526B7 /* TextEditorPractice.swift in Sources */,
				041193AA2C2ED6B9007BDD50 /* FocusStatePractice.swift in Sources */,
				0410AF2A2C287F010003F8A8 /* EnvironmentViewModel.swift in Sources */,
				041E10E32C22EEEC002524B9 /* OnAppierPractice.swift in Sources */,
				04AF940B2BEE134900F7C9CA /* BackgroundAndOverlay.swift in Sources */,
				04A6F9042BF4CA8E00EC8A96 /* TernaryOperators.swift in Sources */,
				048D67742BEF7DD100FCE799 /* ForEach.swift in Sources */,
				04A6F9062BF4CE2000EC8A96 /* AnimationPractice.swift in Sources */,
				041E10E72C2303C1002524B9 /* TabGesturePractice.swift in Sources */,
				042896E72BFCB0A0007FF20E /* alertPractice.swift in Sources */,
				04AF97E22BECEC7A00142F17 /* SwiftBootcampApp.swift in Sources */,
				041B46992C21F23500662C04 /* TabViewPractice.swift in Sources */,
			);
			runOnlyForDeploymentPostprocessing = 0;
		};
/* End PBXSourcesBuildPhase section */

/* Begin XCBuildConfiguration section */
		04AF97EA2BECEC7B00142F17 /* Debug */ = {
			isa = XCBuildConfiguration;
			buildSettings = {
				ALWAYS_SEARCH_USER_PATHS = NO;
				ASSETCATALOG_COMPILER_GENERATE_SWIFT_ASSET_SYMBOL_EXTENSIONS = YES;
				CLANG_ANALYZER_NONNULL = YES;
				CLANG_ANALYZER_NUMBER_OBJECT_CONVERSION = YES_AGGRESSIVE;
				CLANG_CXX_LANGUAGE_STANDARD = "gnu++20";
				CLANG_ENABLE_MODULES = YES;
				CLANG_ENABLE_OBJC_ARC = YES;
				CLANG_ENABLE_OBJC_WEAK = YES;
				CLANG_WARN_BLOCK_CAPTURE_AUTORELEASING = YES;
				CLANG_WARN_BOOL_CONVERSION = YES;
				CLANG_WARN_COMMA = YES;
				CLANG_WARN_CONSTANT_CONVERSION = YES;
				CLANG_WARN_DEPRECATED_OBJC_IMPLEMENTATIONS = YES;
				CLANG_WARN_DIRECT_OBJC_ISA_USAGE = YES_ERROR;
				CLANG_WARN_DOCUMENTATION_COMMENTS = YES;
				CLANG_WARN_EMPTY_BODY = YES;
				CLANG_WARN_ENUM_CONVERSION = YES;
				CLANG_WARN_INFINITE_RECURSION = YES;
				CLANG_WARN_INT_CONVERSION = YES;
				CLANG_WARN_NON_LITERAL_NULL_CONVERSION = YES;
				CLANG_WARN_OBJC_IMPLICIT_RETAIN_SELF = YES;
				CLANG_WARN_OBJC_LITERAL_CONVERSION = YES;
				CLANG_WARN_OBJC_ROOT_CLASS = YES_ERROR;
				CLANG_WARN_QUOTED_INCLUDE_IN_FRAMEWORK_HEADER = YES;
				CLANG_WARN_RANGE_LOOP_ANALYSIS = YES;
				CLANG_WARN_STRICT_PROTOTYPES = YES;
				CLANG_WARN_SUSPICIOUS_MOVE = YES;
				CLANG_WARN_UNGUARDED_AVAILABILITY = YES_AGGRESSIVE;
				CLANG_WARN_UNREACHABLE_CODE = YES;
				CLANG_WARN__DUPLICATE_METHOD_MATCH = YES;
				COPY_PHASE_STRIP = NO;
				DEBUG_INFORMATION_FORMAT = dwarf;
				ENABLE_STRICT_OBJC_MSGSEND = YES;
				ENABLE_TESTABILITY = YES;
				ENABLE_USER_SCRIPT_SANDBOXING = YES;
				GCC_C_LANGUAGE_STANDARD = gnu17;
				GCC_DYNAMIC_NO_PIC = NO;
				GCC_NO_COMMON_BLOCKS = YES;
				GCC_OPTIMIZATION_LEVEL = 0;
				GCC_PREPROCESSOR_DEFINITIONS = (
					"DEBUG=1",
					"$(inherited)",
				);
				GCC_WARN_64_TO_32_BIT_CONVERSION = YES;
				GCC_WARN_ABOUT_RETURN_TYPE = YES_ERROR;
				GCC_WARN_UNDECLARED_SELECTOR = YES;
				GCC_WARN_UNINITIALIZED_AUTOS = YES_AGGRESSIVE;
				GCC_WARN_UNUSED_FUNCTION = YES;
				GCC_WARN_UNUSED_VARIABLE = YES;
				IPHONEOS_DEPLOYMENT_TARGET = 17.4;
				LOCALIZATION_PREFERS_STRING_CATALOGS = YES;
				MTL_ENABLE_DEBUG_INFO = INCLUDE_SOURCE;
				MTL_FAST_MATH = YES;
				ONLY_ACTIVE_ARCH = YES;
				SDKROOT = iphoneos;
				SWIFT_ACTIVE_COMPILATION_CONDITIONS = "DEBUG $(inherited)";
				SWIFT_OPTIMIZATION_LEVEL = "-Onone";
			};
			name = Debug;
		};
		04AF97EB2BECEC7B00142F17 /* Release */ = {
			isa = XCBuildConfiguration;
			buildSettings = {
				ALWAYS_SEARCH_USER_PATHS = NO;
				ASSETCATALOG_COMPILER_GENERATE_SWIFT_ASSET_SYMBOL_EXTENSIONS = YES;
				CLANG_ANALYZER_NONNULL = YES;
				CLANG_ANALYZER_NUMBER_OBJECT_CONVERSION = YES_AGGRESSIVE;
				CLANG_CXX_LANGUAGE_STANDARD = "gnu++20";
				CLANG_ENABLE_MODULES = YES;
				CLANG_ENABLE_OBJC_ARC = YES;
				CLANG_ENABLE_OBJC_WEAK = YES;
				CLANG_WARN_BLOCK_CAPTURE_AUTORELEASING = YES;
				CLANG_WARN_BOOL_CONVERSION = YES;
				CLANG_WARN_COMMA = YES;
				CLANG_WARN_CONSTANT_CONVERSION = YES;
				CLANG_WARN_DEPRECATED_OBJC_IMPLEMENTATIONS = YES;
				CLANG_WARN_DIRECT_OBJC_ISA_USAGE = YES_ERROR;
				CLANG_WARN_DOCUMENTATION_COMMENTS = YES;
				CLANG_WARN_EMPTY_BODY = YES;
				CLANG_WARN_ENUM_CONVERSION = YES;
				CLANG_WARN_INFINITE_RECURSION = YES;
				CLANG_WARN_INT_CONVERSION = YES;
				CLANG_WARN_NON_LITERAL_NULL_CONVERSION = YES;
				CLANG_WARN_OBJC_IMPLICIT_RETAIN_SELF = YES;
				CLANG_WARN_OBJC_LITERAL_CONVERSION = YES;
				CLANG_WARN_OBJC_ROOT_CLASS = YES_ERROR;
				CLANG_WARN_QUOTED_INCLUDE_IN_FRAMEWORK_HEADER = YES;
				CLANG_WARN_RANGE_LOOP_ANALYSIS = YES;
				CLANG_WARN_STRICT_PROTOTYPES = YES;
				CLANG_WARN_SUSPICIOUS_MOVE = YES;
				CLANG_WARN_UNGUARDED_AVAILABILITY = YES_AGGRESSIVE;
				CLANG_WARN_UNREACHABLE_CODE = YES;
				CLANG_WARN__DUPLICATE_METHOD_MATCH = YES;
				COPY_PHASE_STRIP = NO;
				DEBUG_INFORMATION_FORMAT = "dwarf-with-dsym";
				ENABLE_NS_ASSERTIONS = NO;
				ENABLE_STRICT_OBJC_MSGSEND = YES;
				ENABLE_USER_SCRIPT_SANDBOXING = YES;
				GCC_C_LANGUAGE_STANDARD = gnu17;
				GCC_NO_COMMON_BLOCKS = YES;
				GCC_WARN_64_TO_32_BIT_CONVERSION = YES;
				GCC_WARN_ABOUT_RETURN_TYPE = YES_ERROR;
				GCC_WARN_UNDECLARED_SELECTOR = YES;
				GCC_WARN_UNINITIALIZED_AUTOS = YES_AGGRESSIVE;
				GCC_WARN_UNUSED_FUNCTION = YES;
				GCC_WARN_UNUSED_VARIABLE = YES;
				IPHONEOS_DEPLOYMENT_TARGET = 17.4;
				LOCALIZATION_PREFERS_STRING_CATALOGS = YES;
				MTL_ENABLE_DEBUG_INFO = NO;
				MTL_FAST_MATH = YES;
				SDKROOT = iphoneos;
				SWIFT_COMPILATION_MODE = wholemodule;
				VALIDATE_PRODUCT = YES;
			};
			name = Release;
		};
		04AF97ED2BECEC7B00142F17 /* Debug */ = {
			isa = XCBuildConfiguration;
			buildSettings = {
				ASSETCATALOG_COMPILER_APPICON_NAME = AppIcon;
				ASSETCATALOG_COMPILER_GLOBAL_ACCENT_COLOR_NAME = AccentColor;
				CODE_SIGN_STYLE = Automatic;
				CURRENT_PROJECT_VERSION = 1;
				DEVELOPMENT_ASSET_PATHS = "\"SwiftBootcamp/Preview Content\"";
				ENABLE_PREVIEWS = YES;
				GENERATE_INFOPLIST_FILE = YES;
				INFOPLIST_KEY_UIApplicationSceneManifest_Generation = YES;
				INFOPLIST_KEY_UIApplicationSupportsIndirectInputEvents = YES;
				INFOPLIST_KEY_UILaunchScreen_Generation = YES;
				INFOPLIST_KEY_UISupportedInterfaceOrientations_iPad = "UIInterfaceOrientationPortrait UIInterfaceOrientationPortraitUpsideDown UIInterfaceOrientationLandscapeLeft UIInterfaceOrientationLandscapeRight";
				INFOPLIST_KEY_UISupportedInterfaceOrientations_iPhone = "UIInterfaceOrientationPortrait UIInterfaceOrientationLandscapeLeft UIInterfaceOrientationLandscapeRight";
				LD_RUNPATH_SEARCH_PATHS = (
					"$(inherited)",
					"@executable_path/Frameworks",
				);
				MARKETING_VERSION = 1.0;
				PRODUCT_BUNDLE_IDENTIFIER = itkhld.SwiftBootcamp;
				PRODUCT_NAME = "$(TARGET_NAME)";
				SWIFT_EMIT_LOC_STRINGS = YES;
				SWIFT_VERSION = 5.0;
				TARGETED_DEVICE_FAMILY = "1,2";
			};
			name = Debug;
		};
		04AF97EE2BECEC7B00142F17 /* Release */ = {
			isa = XCBuildConfiguration;
			buildSettings = {
				ASSETCATALOG_COMPILER_APPICON_NAME = AppIcon;
				ASSETCATALOG_COMPILER_GLOBAL_ACCENT_COLOR_NAME = AccentColor;
				CODE_SIGN_STYLE = Automatic;
				CURRENT_PROJECT_VERSION = 1;
				DEVELOPMENT_ASSET_PATHS = "\"SwiftBootcamp/Preview Content\"";
				ENABLE_PREVIEWS = YES;
				GENERATE_INFOPLIST_FILE = YES;
				INFOPLIST_KEY_UIApplicationSceneManifest_Generation = YES;
				INFOPLIST_KEY_UIApplicationSupportsIndirectInputEvents = YES;
				INFOPLIST_KEY_UILaunchScreen_Generation = YES;
				INFOPLIST_KEY_UISupportedInterfaceOrientations_iPad = "UIInterfaceOrientationPortrait UIInterfaceOrientationPortraitUpsideDown UIInterfaceOrientationLandscapeLeft UIInterfaceOrientationLandscapeRight";
				INFOPLIST_KEY_UISupportedInterfaceOrientations_iPhone = "UIInterfaceOrientationPortrait UIInterfaceOrientationLandscapeLeft UIInterfaceOrientationLandscapeRight";
				LD_RUNPATH_SEARCH_PATHS = (
					"$(inherited)",
					"@executable_path/Frameworks",
				);
				MARKETING_VERSION = 1.0;
				PRODUCT_BUNDLE_IDENTIFIER = itkhld.SwiftBootcamp;
				PRODUCT_NAME = "$(TARGET_NAME)";
				SWIFT_EMIT_LOC_STRINGS = YES;
				SWIFT_VERSION = 5.0;
				TARGETED_DEVICE_FAMILY = "1,2";
			};
			name = Release;
		};
/* End XCBuildConfiguration section */

/* Begin XCConfigurationList section */
		04AF97D92BECEC7A00142F17 /* Build configuration list for PBXProject "SwiftBootcamp" */ = {
			isa = XCConfigurationList;
			buildConfigurations = (
				04AF97EA2BECEC7B00142F17 /* Debug */,
				04AF97EB2BECEC7B00142F17 /* Release */,
			);
			defaultConfigurationIsVisible = 0;
			defaultConfigurationName = Release;
		};
		04AF97EC2BECEC7B00142F17 /* Build configuration list for PBXNativeTarget "SwiftBootcamp" */ = {
			isa = XCConfigurationList;
			buildConfigurations = (
				04AF97ED2BECEC7B00142F17 /* Debug */,
				04AF97EE2BECEC7B00142F17 /* Release */,
			);
			defaultConfigurationIsVisible = 0;
			defaultConfigurationName = Release;
		};
/* End XCConfigurationList section */
	};
	rootObject = 04AF97D62BECEC7A00142F17 /* Project object */;
}
